{
  "name": "injazz-v",
  "version": "1.0.0",
  "lockfileVersion": 1,
  "requires": true,
  "dependencies": {
    "localStorage": {
      "version": "1.0.3",
      "resolved": "https://registry.npmjs.org/localStorage/-/localStorage-1.0.3.tgz",
      "integrity": "sha1-5riaV7t2ChVqOMyH4PJVD27UE9g="
    }
  }
}
